
Microsoft Visual Studio Solution File, Format Version 12.00
# Visual Studio Version 16
VisualStudioVersion = 16.0.31105.61
MinimumVisualStudioVersion = 10.0.40219.1
Project("{FAE04EC0-301F-11D3-BF4B-00C04F79EFBC}") = "Top2000", "Top2000\Top2000.csproj", "{386DFB9A-EF8C-44AF-A531-EF474116F828}"
EndProject
Global
	GlobalSection(SolutionConfigurationPlatforms) = preSolution
		Debug|Any CPU = Debug|Any CPU
		Release|Any CPU = Release|Any CPU
	EndGlobalSection
	GlobalSection(ProjectConfigurationPlatforms) = postSolution
		{386DFB9A-EF8C-44AF-A531-EF474116F828}.Debug|Any CPU.ActiveCfg = Debug|Any CPU
		{386DFB9A-EF8C-44AF-A531-EF474116F828}.Debug|Any CPU.Build.0 = Debug|Any CPU
		{386DFB9A-EF8C-44AF-A531-EF474116F828}.Release|Any CPU.ActiveCfg = Release|Any CPU
		{386DFB9A-EF8C-44AF-A531-EF474116F828}.Release|Any CPU.Build.0 = Release|Any CPU
	EndGlobalSection
	GlobalSection(SolutionProperties) = preSolution
		HideSolutionNode = FALSE
	EndGlobalSection
	GlobalSection(ExtensibilityGlobals) = postSolution
		SolutionGuid = {79140730-C6B3-4460-AF8B-3B435C78F512}
	EndGlobalSection
EndGlobal
